
Microsoft Visual Studio Solution File, Format Version 12.00
# Visual Studio Version 16
VisualStudioVersion = 16.0.809.0
MinimumVisualStudioVersion = 10.0.40219.1
Project("{FAE04EC0-301F-11D3-BF4B-00C04F79EFBC}") = "Lab_02", "Lab_02\Lab_02.csproj", "{1005DB6B-B7BC-4F32-BD7E-1B1A875FB0AB}"
EndProject
Global
	GlobalSection(SolutionConfigurationPlatforms) = preSolution
		Debug|anycpu = Debug|anycpu
		Release|anycpu = Release|anycpu
	EndGlobalSection
	GlobalSection(ProjectConfigurationPlatforms) = postSolution
		{1005DB6B-B7BC-4F32-BD7E-1B1A875FB0AB}.Debug|anycpu.ActiveCfg = Debug|anycpu
		{1005DB6B-B7BC-4F32-BD7E-1B1A875FB0AB}.Debug|anycpu.Build.0 = Debug|anycpu
		{1005DB6B-B7BC-4F32-BD7E-1B1A875FB0AB}.Release|anycpu.ActiveCfg = Release|anycpu
		{1005DB6B-B7BC-4F32-BD7E-1B1A875FB0AB}.Release|anycpu.Build.0 = Release|anycpu
	EndGlobalSection
	GlobalSection(SolutionProperties) = preSolution
		HideSolutionNode = FALSE
	EndGlobalSection
	GlobalSection(ExtensibilityGlobals) = postSolution
		SolutionGuid = {2F560F51-967B-4C06-86D5-7B54BF5B9BA3}
	EndGlobalSection
EndGlobal
