
Microsoft Visual Studio Solution File, Format Version 12.00
# Visual Studio Version 16
VisualStudioVersion = 16.0.809.0
MinimumVisualStudioVersion = 10.0.40219.1
Project("{FAE04EC0-301F-11D3-BF4B-00C04F79EFBC}") = "Lab_01_03", "Lab_01_03\Lab_01_03.csproj", "{503FA904-EB50-49A0-A92C-F4E5CE0CD998}"
EndProject
Global
	GlobalSection(SolutionConfigurationPlatforms) = preSolution
		Debug|anycpu = Debug|anycpu
		Release|anycpu = Release|anycpu
	EndGlobalSection
	GlobalSection(ProjectConfigurationPlatforms) = postSolution
		{503FA904-EB50-49A0-A92C-F4E5CE0CD998}.Debug|anycpu.ActiveCfg = Debug|anycpu
		{503FA904-EB50-49A0-A92C-F4E5CE0CD998}.Debug|anycpu.Build.0 = Debug|anycpu
		{503FA904-EB50-49A0-A92C-F4E5CE0CD998}.Release|anycpu.ActiveCfg = Release|anycpu
		{503FA904-EB50-49A0-A92C-F4E5CE0CD998}.Release|anycpu.Build.0 = Release|anycpu
	EndGlobalSection
	GlobalSection(SolutionProperties) = preSolution
		HideSolutionNode = FALSE
	EndGlobalSection
	GlobalSection(ExtensibilityGlobals) = postSolution
		SolutionGuid = {1FC42A24-C651-44D2-9B64-D38E9D48095D}
	EndGlobalSection
EndGlobal
